
Microsoft Visual Studio Solution File, Format Version 12.00
# Visual Studio Version 17
VisualStudioVersion = 17.2.32616.157
MinimumVisualStudioVersion = 10.0.40219.1
Project("{9A19103F-16F7-4668-BE54-9A1E7A4F7556}") = "KitaplikMVC", "KitaplikMVC\KitaplikMVC.csproj", "{5711BECA-C4D2-49EA-9547-7466D9FB2A37}"
EndProject
Project("{9A19103F-16F7-4668-BE54-9A1E7A4F7556}") = "KitaplikMVC_DAL", "KitaplikMVC_DAL\KitaplikMVC_DAL.csproj", "{3A427CB8-CFC1-437F-8147-107C02470E09}"
EndProject
Project("{2150E333-8FDC-42A3-9474-1A3956D46DE8}") = "BookstoreMVC", "BookstoreMVC", "{7DF54CD5-06C1-479C-9D2F-CCA701AAAC08}"
EndProject
Project("{2150E333-8FDC-42A3-9474-1A3956D46DE8}") = "FairWorksProject", "FairWorksProject", "{69E11B0F-272A-4890-B14C-5A0770500632}"
EndProject
Project("{FAE04EC0-301F-11D3-BF4B-00C04F79EFBC}") = "FairWorks", "FairWorks\FairWorks.csproj", "{DDC906D2-1C23-4F4F-A783-90AB3723E55E}"
EndProject
Global
	GlobalSection(SolutionConfigurationPlatforms) = preSolution
		Debug|Any CPU = Debug|Any CPU
		Release|Any CPU = Release|Any CPU
	EndGlobalSection
	GlobalSection(ProjectConfigurationPlatforms) = postSolution
		{5711BECA-C4D2-49EA-9547-7466D9FB2A37}.Debug|Any CPU.ActiveCfg = Debug|Any CPU
		{5711BECA-C4D2-49EA-9547-7466D9FB2A37}.Debug|Any CPU.Build.0 = Debug|Any CPU
		{5711BECA-C4D2-49EA-9547-7466D9FB2A37}.Release|Any CPU.ActiveCfg = Release|Any CPU
		{5711BECA-C4D2-49EA-9547-7466D9FB2A37}.Release|Any CPU.Build.0 = Release|Any CPU
		{3A427CB8-CFC1-437F-8147-107C02470E09}.Debug|Any CPU.ActiveCfg = Debug|Any CPU
		{3A427CB8-CFC1-437F-8147-107C02470E09}.Debug|Any CPU.Build.0 = Debug|Any CPU
		{3A427CB8-CFC1-437F-8147-107C02470E09}.Release|Any CPU.ActiveCfg = Release|Any CPU
		{3A427CB8-CFC1-437F-8147-107C02470E09}.Release|Any CPU.Build.0 = Release|Any CPU
		{DDC906D2-1C23-4F4F-A783-90AB3723E55E}.Debug|Any CPU.ActiveCfg = Debug|Any CPU
		{DDC906D2-1C23-4F4F-A783-90AB3723E55E}.Debug|Any CPU.Build.0 = Debug|Any CPU
		{DDC906D2-1C23-4F4F-A783-90AB3723E55E}.Release|Any CPU.ActiveCfg = Release|Any CPU
		{DDC906D2-1C23-4F4F-A783-90AB3723E55E}.Release|Any CPU.Build.0 = Release|Any CPU
	EndGlobalSection
	GlobalSection(SolutionProperties) = preSolution
		HideSolutionNode = FALSE
	EndGlobalSection
	GlobalSection(NestedProjects) = preSolution
		{5711BECA-C4D2-49EA-9547-7466D9FB2A37} = {7DF54CD5-06C1-479C-9D2F-CCA701AAAC08}
		{3A427CB8-CFC1-437F-8147-107C02470E09} = {7DF54CD5-06C1-479C-9D2F-CCA701AAAC08}
		{DDC906D2-1C23-4F4F-A783-90AB3723E55E} = {69E11B0F-272A-4890-B14C-5A0770500632}
	EndGlobalSection
	GlobalSection(ExtensibilityGlobals) = postSolution
		SolutionGuid = {597DDD4B-F5EB-44F8-91CE-3C1941356EA6}
	EndGlobalSection
EndGlobal
